
Microsoft Visual Studio Solution File, Format Version 12.00
# Visual Studio Version 17
VisualStudioVersion = 17.0.31919.166
MinimumVisualStudioVersion = 10.0.40219.1
Project("{FAE04EC0-301F-11D3-BF4B-00C04F79EFBC}") = "nacimento", "nacimento\nacimento.csproj", "{D19AB003-8691-4F7E-83E0-23EB8B6BB9F6}"
EndProject
Global
	GlobalSection(SolutionConfigurationPlatforms) = preSolution
		Debug|Any CPU = Debug|Any CPU
		Release|Any CPU = Release|Any CPU
	EndGlobalSection
	GlobalSection(ProjectConfigurationPlatforms) = postSolution
		{D19AB003-8691-4F7E-83E0-23EB8B6BB9F6}.Debug|Any CPU.ActiveCfg = Debug|Any CPU
		{D19AB003-8691-4F7E-83E0-23EB8B6BB9F6}.Debug|Any CPU.Build.0 = Debug|Any CPU
		{D19AB003-8691-4F7E-83E0-23EB8B6BB9F6}.Release|Any CPU.ActiveCfg = Release|Any CPU
		{D19AB003-8691-4F7E-83E0-23EB8B6BB9F6}.Release|Any CPU.Build.0 = Release|Any CPU
	EndGlobalSection
	GlobalSection(SolutionProperties) = preSolution
		HideSolutionNode = FALSE
	EndGlobalSection
	GlobalSection(ExtensibilityGlobals) = postSolution
		SolutionGuid = {3DAB8B6C-E0BA-4995-BEF5-7DC9A5B974CD}
	EndGlobalSection
EndGlobal
